
Microsoft Visual Studio Solution File, Format Version 12.00
# Visual Studio Version 16
VisualStudioVersion = 16.0.31112.23
MinimumVisualStudioVersion = 10.0.40219.1
Project("{9A19103F-16F7-4668-BE54-9A1E7A4F7556}") = "Ejercicio 1", "TP 1\Ejercicio 1.csproj", "{20B70814-5234-4FBF-AD50-231F2B1A036E}"
EndProject
Project("{FAE04EC0-301F-11D3-BF4B-00C04F79EFBC}") = "Ejercicio 2", "Ejercicio 2\Ejercicio 2.csproj", "{5C49FF51-A219-4C3A-8039-83DEA73C1807}"
EndProject
Global
	GlobalSection(SolutionConfigurationPlatforms) = preSolution
		Debug|Any CPU = Debug|Any CPU
		Release|Any CPU = Release|Any CPU
	EndGlobalSection
	GlobalSection(ProjectConfigurationPlatforms) = postSolution
		{20B70814-5234-4FBF-AD50-231F2B1A036E}.Debug|Any CPU.ActiveCfg = Debug|Any CPU
		{20B70814-5234-4FBF-AD50-231F2B1A036E}.Debug|Any CPU.Build.0 = Debug|Any CPU
		{20B70814-5234-4FBF-AD50-231F2B1A036E}.Release|Any CPU.ActiveCfg = Release|Any CPU
		{20B70814-5234-4FBF-AD50-231F2B1A036E}.Release|Any CPU.Build.0 = Release|Any CPU
		{5C49FF51-A219-4C3A-8039-83DEA73C1807}.Debug|Any CPU.ActiveCfg = Debug|Any CPU
		{5C49FF51-A219-4C3A-8039-83DEA73C1807}.Debug|Any CPU.Build.0 = Debug|Any CPU
		{5C49FF51-A219-4C3A-8039-83DEA73C1807}.Release|Any CPU.ActiveCfg = Release|Any CPU
		{5C49FF51-A219-4C3A-8039-83DEA73C1807}.Release|Any CPU.Build.0 = Release|Any CPU
	EndGlobalSection
	GlobalSection(SolutionProperties) = preSolution
		HideSolutionNode = FALSE
	EndGlobalSection
	GlobalSection(ExtensibilityGlobals) = postSolution
		SolutionGuid = {2E05B9A7-B387-4747-8F81-9733E17CB538}
	EndGlobalSection
EndGlobal
