
Microsoft Visual Studio Solution File, Format Version 12.00
# Visual Studio Version 16
VisualStudioVersion = 16.0.31321.278
MinimumVisualStudioVersion = 10.0.40219.1
Project("{FAE04EC0-301F-11D3-BF4B-00C04F79EFBC}") = "Agencia", "Agencia\Agencia.csproj", "{1AA6500D-B2FC-4F72-9917-D96F1D653E39}"
EndProject
Project("{FAE04EC0-301F-11D3-BF4B-00C04F79EFBC}") = "DataAccess", "DataAccess\DataAccess.csproj", "{070D8FF5-5983-49DC-AAFD-AE976C7FCFF5}"
EndProject
Global
	GlobalSection(SolutionConfigurationPlatforms) = preSolution
		Debug|Any CPU = Debug|Any CPU
		Release|Any CPU = Release|Any CPU
	EndGlobalSection
	GlobalSection(ProjectConfigurationPlatforms) = postSolution
		{1AA6500D-B2FC-4F72-9917-D96F1D653E39}.Debug|Any CPU.ActiveCfg = Debug|Any CPU
		{1AA6500D-B2FC-4F72-9917-D96F1D653E39}.Debug|Any CPU.Build.0 = Debug|Any CPU
		{1AA6500D-B2FC-4F72-9917-D96F1D653E39}.Release|Any CPU.ActiveCfg = Release|Any CPU
		{1AA6500D-B2FC-4F72-9917-D96F1D653E39}.Release|Any CPU.Build.0 = Release|Any CPU
		{070D8FF5-5983-49DC-AAFD-AE976C7FCFF5}.Debug|Any CPU.ActiveCfg = Debug|Any CPU
		{070D8FF5-5983-49DC-AAFD-AE976C7FCFF5}.Debug|Any CPU.Build.0 = Debug|Any CPU
		{070D8FF5-5983-49DC-AAFD-AE976C7FCFF5}.Release|Any CPU.ActiveCfg = Release|Any CPU
		{070D8FF5-5983-49DC-AAFD-AE976C7FCFF5}.Release|Any CPU.Build.0 = Release|Any CPU
	EndGlobalSection
	GlobalSection(SolutionProperties) = preSolution
		HideSolutionNode = FALSE
	EndGlobalSection
	GlobalSection(ExtensibilityGlobals) = postSolution
		SolutionGuid = {2E73CDC2-C8D8-45C0-AABE-72484E6B5741}
	EndGlobalSection
EndGlobal
